// !$*UTF8*$!
{
	archiveVersion = 1;
	classes = {
	};
	objectVersion = 46;
	objects = {

/* Begin PBXBuildFile section */
		6BACE1631DD66E4A001A2EE9 /* AppDelegate.swift in Sources */ = {isa = PBXBuildFile; fileRef = 6BACE1621DD66E4A001A2EE9 /* AppDelegate.swift */; };
		6BACE1651DD66E4A001A2EE9 /* Assets.xcassets in Resources */ = {isa = PBXBuildFile; fileRef = 6BACE1641DD66E4A001A2EE9 /* Assets.xcassets */; };
		6BACE1681DD66E4A001A2EE9 /* MainMenu.xib in Resources */ = {isa = PBXBuildFile; fileRef = 6BACE1661DD66E4A001A2EE9 /* MainMenu.xib */; };
		6BACE1721DD67766001A2EE9 /* TrackStatus.swift in Sources */ = {isa = PBXBuildFile; fileRef = 6BACE1711DD67766001A2EE9 /* TrackStatus.swift */; };
		6BACE1741DD6A9B8001A2EE9 /* iTunesInterface.swift in Sources */ = {isa = PBXBuildFile; fileRef = 6BACE1731DD6A9B8001A2EE9 /* iTunesInterface.swift */; };
		6BACE1761DD6ACAA001A2EE9 /* PlayerInterface.swift in Sources */ = {isa = PBXBuildFile; fileRef = 6BACE1751DD6ACAA001A2EE9 /* PlayerInterface.swift */; };
/* End PBXBuildFile section */

/* Begin PBXFileReference section */
		6BACE15F1DD66E4A001A2EE9 /* TuneBar.app */ = {isa = PBXFileReference; explicitFileType = wrapper.application; includeInIndex = 0; path = TuneBar.app; sourceTree = BUILT_PRODUCTS_DIR; };
		6BACE1621DD66E4A001A2EE9 /* AppDelegate.swift */ = {isa = PBXFileReference; lastKnownFileType = sourcecode.swift; path = AppDelegate.swift; sourceTree = "<group>"; };
		6BACE1641DD66E4A001A2EE9 /* Assets.xcassets */ = {isa = PBXFileReference; lastKnownFileType = folder.assetcatalog; path = Assets.xcassets; sourceTree = "<group>"; };
		6BACE1671DD66E4A001A2EE9 /* Base */ = {isa = PBXFileReference; lastKnownFileType = file.xib; name = Base; path = Base.lproj/MainMenu.xib; sourceTree = "<group>"; };
		6BACE1691DD66E4A001A2EE9 /* Info.plist */ = {isa = PBXFileReference; lastKnownFileType = text.plist.xml; path = Info.plist; sourceTree = "<group>"; };
		6BACE1711DD67766001A2EE9 /* TrackStatus.swift */ = {isa = PBXFileReference; fileEncoding = 4; lastKnownFileType = sourcecode.swift; path = TrackStatus.swift; sourceTree = "<group>"; };
		6BACE1731DD6A9B8001A2EE9 /* iTunesInterface.swift */ = {isa = PBXFileReference; fileEncoding = 4; lastKnownFileType = sourcecode.swift; path = iTunesInterface.swift; sourceTree = "<group>"; };
		6BACE1751DD6ACAA001A2EE9 /* PlayerInterface.swift */ = {isa = PBXFileReference; fileEncoding = 4; lastKnownFileType = sourcecode.swift; path = PlayerInterface.swift; sourceTree = "<group>"; };
/* End PBXFileReference section */

/* Begin PBXFrameworksBuildPhase section */
		6BACE15C1DD66E4A001A2EE9 /* Frameworks */ = {
			isa = PBXFrameworksBuildPhase;
			buildActionMask = 2147483647;
			files = (
			);
			runOnlyForDeploymentPostprocessing = 0;
		};
/* End PBXFrameworksBuildPhase section */

/* Begin PBXGroup section */
		6BACE1561DD66E4A001A2EE9 = {
			isa = PBXGroup;
			children = (
				6BACE1611DD66E4A001A2EE9 /* TuneBar */,
				6BACE1601DD66E4A001A2EE9 /* Products */,
			);
			sourceTree = "<group>";
		};
		6BACE1601DD66E4A001A2EE9 /* Products */ = {
			isa = PBXGroup;
			children = (
				6BACE15F1DD66E4A001A2EE9 /* TuneBar.app */,
			);
			name = Products;
			sourceTree = "<group>";
		};
		6BACE1611DD66E4A001A2EE9 /* TuneBar */ = {
			isa = PBXGroup;
			children = (
				6BACE1621DD66E4A001A2EE9 /* AppDelegate.swift */,
				6BACE1641DD66E4A001A2EE9 /* Assets.xcassets */,
				6BACE1661DD66E4A001A2EE9 /* MainMenu.xib */,
				6BACE1711DD67766001A2EE9 /* TrackStatus.swift */,
				6BACE1751DD6ACAA001A2EE9 /* PlayerInterface.swift */,
				6BACE1731DD6A9B8001A2EE9 /* iTunesInterface.swift */,
				6BACE1691DD66E4A001A2EE9 /* Info.plist */,
			);
			path = TuneBar;
			sourceTree = "<group>";
		};
/* End PBXGroup section */

/* Begin PBXNativeTarget section */
		6BACE15E1DD66E4A001A2EE9 /* TuneBar */ = {
			isa = PBXNativeTarget;
			buildConfigurationList = 6BACE16C1DD66E4A001A2EE9 /* Build configuration list for PBXNativeTarget "TuneBar" */;
			buildPhases = (
				6BACE15B1DD66E4A001A2EE9 /* Sources */,
				6BACE15C1DD66E4A001A2EE9 /* Frameworks */,
				6BACE15D1DD66E4A001A2EE9 /* Resources */,
			);
			buildRules = (
			);
			dependencies = (
			);
			name = TuneBar;
			productName = TuneBar;
			productReference = 6BACE15F1DD66E4A001A2EE9 /* TuneBar.app */;
			productType = "com.apple.product-type.application";
		};
/* End PBXNativeTarget section */

/* Begin PBXProject section */
		6BACE1571DD66E4A001A2EE9 /* Project object */ = {
			isa = PBXProject;
			attributes = {
				LastSwiftUpdateCheck = 0810;
				LastUpgradeCheck = 0810;
				ORGANIZATIONNAME = "Colin Clark";
				TargetAttributes = {
					6BACE15E1DD66E4A001A2EE9 = {
						CreatedOnToolsVersion = 8.1;
						ProvisioningStyle = Automatic;
					};
				};
			};
			buildConfigurationList = 6BACE15A1DD66E4A001A2EE9 /* Build configuration list for PBXProject "TuneBar" */;
			compatibilityVersion = "Xcode 3.2";
			developmentRegion = English;
			hasScannedForEncodings = 0;
			knownRegions = (
				en,
				Base,
			);
			mainGroup = 6BACE1561DD66E4A001A2EE9;
			productRefGroup = 6BACE1601DD66E4A001A2EE9 /* Products */;
			projectDirPath = "";
			projectRoot = "";
			targets = (
				6BACE15E1DD66E4A001A2EE9 /* TuneBar */,
			);
		};
/* End PBXProject section */

/* Begin PBXResourcesBuildPhase section */
		6BACE15D1DD66E4A001A2EE9 /* Resources */ = {
			isa = PBXResourcesBuildPhase;
			buildActionMask = 2147483647;
			files = (
				6BACE1651DD66E4A001A2EE9 /* Assets.xcassets in Resources */,
				6BACE1681DD66E4A001A2EE9 /* MainMenu.xib in Resources */,
			);
			runOnlyForDeploymentPostprocessing = 0;
		};
/* End PBXResourcesBuildPhase section */

/* Begin PBXSourcesBuildPhase section */
		6BACE15B1DD66E4A001A2EE9 /* Sources */ = {
			isa = PBXSourcesBuildPhase;
			buildActionMask = 2147483647;
			files = (
				6BACE1721DD67766001A2EE9 /* TrackStatus.swift in Sources */,
				6BACE1631DD66E4A001A2EE9 /* AppDelegate.swift in Sources */,
				6BACE1761DD6ACAA001A2EE9 /* PlayerInterface.swift in Sources */,
				6BACE1741DD6A9B8001A2EE9 /* iTunesInterface.swift in Sources */,
			);
			runOnlyForDeploymentPostprocessing = 0;
		};
/* End PBXSourcesBuildPhase section */

/* Begin PBXVariantGroup section */
		6BACE1661DD66E4A001A2EE9 /* MainMenu.xib */ = {
			isa = PBXVariantGroup;
			children = (
				6BACE1671DD66E4A001A2EE9 /* Base */,
			);
			name = MainMenu.xib;
			sourceTree = "<group>";
		};
/* End PBXVariantGroup section */

/* Begin XCBuildConfiguration section */
		6BACE16A1DD66E4A001A2EE9 /* Debug */ = {
			isa = XCBuildConfiguration;
			buildSettings = {
				ALWAYS_SEARCH_USER_PATHS = NO;
				CLANG_ANALYZER_NONNULL = YES;
				CLANG_CXX_LANGUAGE_STANDARD = "gnu++0x";
				CLANG_CXX_LIBRARY = "libc++";
				CLANG_ENABLE_MODULES = YES;
				CLANG_ENABLE_OBJC_ARC = YES;
				CLANG_WARN_BOOL_CONVERSION = YES;
				CLANG_WARN_CONSTANT_CONVERSION = YES;
				CLANG_WARN_DIRECT_OBJC_ISA_USAGE = YES_ERROR;
				CLANG_WARN_DOCUMENTATION_COMMENTS = YES;
				CLANG_WARN_EMPTY_BODY = YES;
				CLANG_WARN_ENUM_CONVERSION = YES;
				CLANG_WARN_INFINITE_RECURSION = YES;
				CLANG_WARN_INT_CONVERSION = YES;
				CLANG_WARN_OBJC_ROOT_CLASS = YES_ERROR;
				CLANG_WARN_SUSPICIOUS_MOVES = YES;
				CLANG_WARN_UNREACHABLE_CODE = YES;
				CLANG_WARN__DUPLICATE_METHOD_MATCH = YES;
				CODE_SIGN_IDENTITY = "-";
				COPY_PHASE_STRIP = NO;
				DEBUG_INFORMATION_FORMAT = dwarf;
				ENABLE_STRICT_OBJC_MSGSEND = YES;
				ENABLE_TESTABILITY = YES;
				GCC_C_LANGUAGE_STANDARD = gnu99;
				GCC_DYNAMIC_NO_PIC = NO;
				GCC_NO_COMMON_BLOCKS = YES;
				GCC_OPTIMIZATION_LEVEL = 0;
				GCC_PREPROCESSOR_DEFINITIONS = (
					"DEBUG=1",
					"$(inherited)",
				);
				GCC_WARN_64_TO_32_BIT_CONVERSION = YES;
				GCC_WARN_ABOUT_RETURN_TYPE = YES_ERROR;
				GCC_WARN_UNDECLARED_SELECTOR = YES;
				GCC_WARN_UNINITIALIZED_AUTOS = YES_AGGRESSIVE;
				GCC_WARN_UNUSED_FUNCTION = YES;
				GCC_WARN_UNUSED_VARIABLE = YES;
				MACOSX_DEPLOYMENT_TARGET = 10.12;
				MTL_ENABLE_DEBUG_INFO = YES;
				ONLY_ACTIVE_ARCH = YES;
				SDKROOT = macosx;
				SWIFT_ACTIVE_COMPILATION_CONDITIONS = DEBUG;
				SWIFT_OPTIMIZATION_LEVEL = "-Onone";
			};
			name = Debug;
		};
		6BACE16B1DD66E4A001A2EE9 /* Release */ = {
			isa = XCBuildConfiguration;
			buildSettings = {
				ALWAYS_SEARCH_USER_PATHS = NO;
				CLANG_ANALYZER_NONNULL = YES;
				CLANG_CXX_LANGUAGE_STANDARD = "gnu++0x";
				CLANG_CXX_LIBRARY = "libc++";
				CLANG_ENABLE_MODULES = YES;
				CLANG_ENABLE_OBJC_ARC = YES;
				CLANG_WARN_BOOL_CONVERSION = YES;
				CLANG_WARN_CONSTANT_CONVERSION = YES;
				CLANG_WARN_DIRECT_OBJC_ISA_USAGE = YES_ERROR;
				CLANG_WARN_DOCUMENTATION_COMMENTS = YES;
				CLANG_WARN_EMPTY_BODY = YES;
				CLANG_WARN_ENUM_CONVERSION = YES;
				CLANG_WARN_INFINITE_RECURSION = YES;
				CLANG_WARN_INT_CONVERSION = YES;
				CLANG_WARN_OBJC_ROOT_CLASS = YES_ERROR;
				CLANG_WARN_SUSPICIOUS_MOVES = YES;
				CLANG_WARN_UNREACHABLE_CODE = YES;
				CLANG_WARN__DUPLICATE_METHOD_MATCH = YES;
				CODE_SIGN_IDENTITY = "-";
				COPY_PHASE_STRIP = NO;
				DEBUG_INFORMATION_FORMAT = "dwarf-with-dsym";
				ENABLE_NS_ASSERTIONS = NO;
				ENABLE_STRICT_OBJC_MSGSEND = YES;
				GCC_C_LANGUAGE_STANDARD = gnu99;
				GCC_NO_COMMON_BLOCKS = YES;
				GCC_WARN_64_TO_32_BIT_CONVERSION = YES;
				GCC_WARN_ABOUT_RETURN_TYPE = YES_ERROR;
				GCC_WARN_UNDECLARED_SELECTOR = YES;
				GCC_WARN_UNINITIALIZED_AUTOS = YES_AGGRESSIVE;
				GCC_WARN_UNUSED_FUNCTION = YES;
				GCC_WARN_UNUSED_VARIABLE = YES;
				MACOSX_DEPLOYMENT_TARGET = 10.12;
				MTL_ENABLE_DEBUG_INFO = NO;
				SDKROOT = macosx;
				SWIFT_OPTIMIZATION_LEVEL = "-Owholemodule";
			};
			name = Release;
		};
		6BACE16D1DD66E4A001A2EE9 /* Debug */ = {
			isa = XCBuildConfiguration;
			buildSettings = {
				ASSETCATALOG_COMPILER_APPICON_NAME = AppIcon;
				COMBINE_HIDPI_IMAGES = YES;
				INFOPLIST_FILE = TuneBar/Info.plist;
				LD_RUNPATH_SEARCH_PATHS = "$(inherited) @executable_path/../Frameworks";
				PRODUCT_BUNDLE_IDENTIFIER = cc.TuneBar;
				PRODUCT_NAME = "$(TARGET_NAME)";
				SWIFT_VERSION = 3.0;
			};
			name = Debug;
		};
		6BACE16E1DD66E4A001A2EE9 /* Release */ = {
			isa = XCBuildConfiguration;
			buildSettings = {
				ASSETCATALOG_COMPILER_APPICON_NAME = AppIcon;
				COMBINE_HIDPI_IMAGES = YES;
				INFOPLIST_FILE = TuneBar/Info.plist;
				LD_RUNPATH_SEARCH_PATHS = "$(inherited) @executable_path/../Frameworks";
				PRODUCT_BUNDLE_IDENTIFIER = cc.TuneBar;
				PRODUCT_NAME = "$(TARGET_NAME)";
				SWIFT_VERSION = 3.0;
			};
			name = Release;
		};
/* End XCBuildConfiguration section */

/* Begin XCConfigurationList section */
		6BACE15A1DD66E4A001A2EE9 /* Build configuration list for PBXProject "TuneBar" */ = {
			isa = XCConfigurationList;
			buildConfigurations = (
				6BACE16A1DD66E4A001A2EE9 /* Debug */,
				6BACE16B1DD66E4A001A2EE9 /* Release */,
			);
			defaultConfigurationIsVisible = 0;
			defaultConfigurationName = Release;
		};
		6BACE16C1DD66E4A001A2EE9 /* Build configuration list for PBXNativeTarget "TuneBar" */ = {
			isa = XCConfigurationList;
			buildConfigurations = (
				6BACE16D1DD66E4A001A2EE9 /* Debug */,
				6BACE16E1DD66E4A001A2EE9 /* Release */,
			);
			defaultConfigurationIsVisible = 0;
		};
/* End XCConfigurationList section */
	};
	rootObject = 6BACE1571DD66E4A001A2EE9 /* Project object */;
}
